
Microsoft Visual Studio Solution File, Format Version 12.00
# Visual Studio Version 17
VisualStudioVersion = 17.0.31825.309
MinimumVisualStudioVersion = 10.0.40219.1
Project("{FAE04EC0-301F-11D3-BF4B-00C04F79EFBC}") = "Tasks0", "Tasks0\Tasks0.csproj", "{16A9A11B-06E8-457C-A644-37395DA7F97E}"
EndProject
Project("{FAE04EC0-301F-11D3-BF4B-00C04F79EFBC}") = "Continue", "Continue\Continue.csproj", "{F69C3E74-9FA3-4B53-A894-DC1047110DA0}"
EndProject
Project("{FAE04EC0-301F-11D3-BF4B-00C04F79EFBC}") = "Awiting", "Awiting\Awiting.csproj", "{C52DBD2F-6C19-485D-8D06-D38AFBDEB31B}"
EndProject
Global
	GlobalSection(SolutionConfigurationPlatforms) = preSolution
		Debug|Any CPU = Debug|Any CPU
		Release|Any CPU = Release|Any CPU
	EndGlobalSection
	GlobalSection(ProjectConfigurationPlatforms) = postSolution
		{16A9A11B-06E8-457C-A644-37395DA7F97E}.Debug|Any CPU.ActiveCfg = Debug|Any CPU
		{16A9A11B-06E8-457C-A644-37395DA7F97E}.Debug|Any CPU.Build.0 = Debug|Any CPU
		{16A9A11B-06E8-457C-A644-37395DA7F97E}.Release|Any CPU.ActiveCfg = Release|Any CPU
		{16A9A11B-06E8-457C-A644-37395DA7F97E}.Release|Any CPU.Build.0 = Release|Any CPU
		{F69C3E74-9FA3-4B53-A894-DC1047110DA0}.Debug|Any CPU.ActiveCfg = Debug|Any CPU
		{F69C3E74-9FA3-4B53-A894-DC1047110DA0}.Debug|Any CPU.Build.0 = Debug|Any CPU
		{F69C3E74-9FA3-4B53-A894-DC1047110DA0}.Release|Any CPU.ActiveCfg = Release|Any CPU
		{F69C3E74-9FA3-4B53-A894-DC1047110DA0}.Release|Any CPU.Build.0 = Release|Any CPU
		{C52DBD2F-6C19-485D-8D06-D38AFBDEB31B}.Debug|Any CPU.ActiveCfg = Debug|Any CPU
		{C52DBD2F-6C19-485D-8D06-D38AFBDEB31B}.Debug|Any CPU.Build.0 = Debug|Any CPU
		{C52DBD2F-6C19-485D-8D06-D38AFBDEB31B}.Release|Any CPU.ActiveCfg = Release|Any CPU
		{C52DBD2F-6C19-485D-8D06-D38AFBDEB31B}.Release|Any CPU.Build.0 = Release|Any CPU
	EndGlobalSection
	GlobalSection(SolutionProperties) = preSolution
		HideSolutionNode = FALSE
	EndGlobalSection
	GlobalSection(ExtensibilityGlobals) = postSolution
		SolutionGuid = {38CE4DC1-94A8-40AE-83E8-4568F0202FD6}
	EndGlobalSection
EndGlobal
